{
  "requires": true,
  "lockfileVersion": 1,
  "dependencies": {
    "primeng": {
      "version": "7.0.0-beta.1",
      "resolved": "https://registry.npmjs.org/primeng/-/primeng-7.0.0-beta.1.tgz",
      "integrity": "sha512-bhE+Tm8e7gsvhjoQ83pWqBR5twR/zgarrJcpGdMSObNwlauJXRczo/OoM2KVnf4wHjJsie6MK5wdepL11R4WhA=="
    }
  }
}
